
Microsoft Visual Studio Solution File, Format Version 12.00
# Visual Studio Version 16
VisualStudioVersion = 16.0.31624.102
MinimumVisualStudioVersion = 10.0.40219.1
Project("{FAE04EC0-301F-11D3-BF4B-00C04F79EFBC}") = "PairProgrammingUITest", "PairProgrammingUITest\PairProgrammingUITest.csproj", "{CA74F1B7-6ACE-4867-8755-BC32305ED111}"
EndProject
Global
	GlobalSection(SolutionConfigurationPlatforms) = preSolution
		Debug|Any CPU = Debug|Any CPU
		Release|Any CPU = Release|Any CPU
	EndGlobalSection
	GlobalSection(ProjectConfigurationPlatforms) = postSolution
		{CA74F1B7-6ACE-4867-8755-BC32305ED111}.Debug|Any CPU.ActiveCfg = Debug|Any CPU
		{CA74F1B7-6ACE-4867-8755-BC32305ED111}.Debug|Any CPU.Build.0 = Debug|Any CPU
		{CA74F1B7-6ACE-4867-8755-BC32305ED111}.Release|Any CPU.ActiveCfg = Release|Any CPU
		{CA74F1B7-6ACE-4867-8755-BC32305ED111}.Release|Any CPU.Build.0 = Release|Any CPU
	EndGlobalSection
	GlobalSection(SolutionProperties) = preSolution
		HideSolutionNode = FALSE
	EndGlobalSection
	GlobalSection(ExtensibilityGlobals) = postSolution
		SolutionGuid = {50671810-E43D-4DB3-A58D-C4B9CB5E6DEC}
	EndGlobalSection
EndGlobal
